
Microsoft Visual Studio Solution File, Format Version 12.00
# Visual Studio Version 16
VisualStudioVersion = 16.0.29905.134
MinimumVisualStudioVersion = 10.0.40219.1
Project("{8BC9CEB8-8B4A-11D0-8D11-00A0C91BC942}") = "obs-thrift-api", "obs-thrift-api\obs-thrift-api.vcxproj", "{2677A102-C853-4017-86AF-AB45C235E6F0}"
EndProject
Global
	GlobalSection(SolutionConfigurationPlatforms) = preSolution
		Debug|x64 = Debug|x64
		Debug|x86 = Debug|x86
		Release|x64 = Release|x64
		Release|x86 = Release|x86
	EndGlobalSection
	GlobalSection(ProjectConfigurationPlatforms) = postSolution
		{2677A102-C853-4017-86AF-AB45C235E6F0}.Debug|x64.ActiveCfg = Debug|x64
		{2677A102-C853-4017-86AF-AB45C235E6F0}.Debug|x64.Build.0 = Debug|x64
		{2677A102-C853-4017-86AF-AB45C235E6F0}.Debug|x86.ActiveCfg = Debug|Win32
		{2677A102-C853-4017-86AF-AB45C235E6F0}.Debug|x86.Build.0 = Debug|Win32
		{2677A102-C853-4017-86AF-AB45C235E6F0}.Release|x64.ActiveCfg = Release|x64
		{2677A102-C853-4017-86AF-AB45C235E6F0}.Release|x64.Build.0 = Release|x64
		{2677A102-C853-4017-86AF-AB45C235E6F0}.Release|x86.ActiveCfg = Release|Win32
		{2677A102-C853-4017-86AF-AB45C235E6F0}.Release|x86.Build.0 = Release|Win32
	EndGlobalSection
	GlobalSection(SolutionProperties) = preSolution
		HideSolutionNode = FALSE
	EndGlobalSection
	GlobalSection(ExtensibilityGlobals) = postSolution
		SolutionGuid = {3B44CEFA-0906-4AD6-A8EB-3E41003470AC}
	EndGlobalSection
EndGlobal
